
Microsoft Visual Studio Solution File, Format Version 12.00
# Visual Studio Version 16
VisualStudioVersion = 16.0.32106.194
MinimumVisualStudioVersion = 10.0.40219.1
Project("{FAE04EC0-301F-11D3-BF4B-00C04F79EFBC}") = "Disassignprogramintro1", "Disassignprogramintro1.csproj", "{D45F4CCA-6C97-471F-A5A5-E0E912BEE8AB}"
EndProject
Global
	GlobalSection(SolutionConfigurationPlatforms) = preSolution
		Debug|Any CPU = Debug|Any CPU
		Release|Any CPU = Release|Any CPU
	EndGlobalSection
	GlobalSection(ProjectConfigurationPlatforms) = postSolution
		{D45F4CCA-6C97-471F-A5A5-E0E912BEE8AB}.Debug|Any CPU.ActiveCfg = Debug|Any CPU
		{D45F4CCA-6C97-471F-A5A5-E0E912BEE8AB}.Debug|Any CPU.Build.0 = Debug|Any CPU
		{D45F4CCA-6C97-471F-A5A5-E0E912BEE8AB}.Release|Any CPU.ActiveCfg = Release|Any CPU
		{D45F4CCA-6C97-471F-A5A5-E0E912BEE8AB}.Release|Any CPU.Build.0 = Release|Any CPU
	EndGlobalSection
	GlobalSection(SolutionProperties) = preSolution
		HideSolutionNode = FALSE
	EndGlobalSection
	GlobalSection(ExtensibilityGlobals) = postSolution
		SolutionGuid = {86EB2C65-A46D-4B55-A96E-09441314553D}
	EndGlobalSection
EndGlobal
